
Microsoft Visual Studio Solution File, Format Version 12.00
# Visual Studio Version 16
VisualStudioVersion = 16.0.29728.190
MinimumVisualStudioVersion = 10.0.40219.1
Project("{FAE04EC0-301F-11D3-BF4B-00C04F79EFBC}") = "LAB_3", "LAB_3\LAB_3.csproj", "{AF3D261F-F2C7-49B2-A3BF-4F371F87C79A}"
EndProject
Global
	GlobalSection(SolutionConfigurationPlatforms) = preSolution
		Debug|Any CPU = Debug|Any CPU
		Release|Any CPU = Release|Any CPU
	EndGlobalSection
	GlobalSection(ProjectConfigurationPlatforms) = postSolution
		{AF3D261F-F2C7-49B2-A3BF-4F371F87C79A}.Debug|Any CPU.ActiveCfg = Debug|Any CPU
		{AF3D261F-F2C7-49B2-A3BF-4F371F87C79A}.Debug|Any CPU.Build.0 = Debug|Any CPU
		{AF3D261F-F2C7-49B2-A3BF-4F371F87C79A}.Release|Any CPU.ActiveCfg = Release|Any CPU
		{AF3D261F-F2C7-49B2-A3BF-4F371F87C79A}.Release|Any CPU.Build.0 = Release|Any CPU
	EndGlobalSection
	GlobalSection(SolutionProperties) = preSolution
		HideSolutionNode = FALSE
	EndGlobalSection
	GlobalSection(ExtensibilityGlobals) = postSolution
		SolutionGuid = {774F637B-9D42-49B1-9196-827CCBBB8828}
	EndGlobalSection
EndGlobal
