
Microsoft Visual Studio Solution File, Format Version 12.00
# Visual Studio Version 16
VisualStudioVersion = 16.0.29728.190
MinimumVisualStudioVersion = 10.0.40219.1
Project("{FAE04EC0-301F-11D3-BF4B-00C04F79EFBC}") = "LAB_2_OF", "LAB_2_OF\LAB_2_OF.csproj", "{298210CC-36E4-42A4-B21B-C78C18E49C4C}"
EndProject
Global
	GlobalSection(SolutionConfigurationPlatforms) = preSolution
		Debug|Any CPU = Debug|Any CPU
		Release|Any CPU = Release|Any CPU
	EndGlobalSection
	GlobalSection(ProjectConfigurationPlatforms) = postSolution
		{298210CC-36E4-42A4-B21B-C78C18E49C4C}.Debug|Any CPU.ActiveCfg = Debug|Any CPU
		{298210CC-36E4-42A4-B21B-C78C18E49C4C}.Debug|Any CPU.Build.0 = Debug|Any CPU
		{298210CC-36E4-42A4-B21B-C78C18E49C4C}.Release|Any CPU.ActiveCfg = Release|Any CPU
		{298210CC-36E4-42A4-B21B-C78C18E49C4C}.Release|Any CPU.Build.0 = Release|Any CPU
	EndGlobalSection
	GlobalSection(SolutionProperties) = preSolution
		HideSolutionNode = FALSE
	EndGlobalSection
	GlobalSection(ExtensibilityGlobals) = postSolution
		SolutionGuid = {FD533801-14CB-43D9-B260-00786D798B0D}
	EndGlobalSection
EndGlobal
