
Microsoft Visual Studio Solution File, Format Version 12.00
# Visual Studio Version 16
VisualStudioVersion = 16.0.29728.190
MinimumVisualStudioVersion = 10.0.40219.1
Project("{FAE04EC0-301F-11D3-BF4B-00C04F79EFBC}") = "LAB_4", "LAB_4\LAB_4.csproj", "{EC8AFC93-51C3-44CF-AAFB-E71807130D02}"
EndProject
Global
	GlobalSection(SolutionConfigurationPlatforms) = preSolution
		Debug|Any CPU = Debug|Any CPU
		Release|Any CPU = Release|Any CPU
	EndGlobalSection
	GlobalSection(ProjectConfigurationPlatforms) = postSolution
		{EC8AFC93-51C3-44CF-AAFB-E71807130D02}.Debug|Any CPU.ActiveCfg = Debug|Any CPU
		{EC8AFC93-51C3-44CF-AAFB-E71807130D02}.Debug|Any CPU.Build.0 = Debug|Any CPU
		{EC8AFC93-51C3-44CF-AAFB-E71807130D02}.Release|Any CPU.ActiveCfg = Release|Any CPU
		{EC8AFC93-51C3-44CF-AAFB-E71807130D02}.Release|Any CPU.Build.0 = Release|Any CPU
	EndGlobalSection
	GlobalSection(SolutionProperties) = preSolution
		HideSolutionNode = FALSE
	EndGlobalSection
	GlobalSection(ExtensibilityGlobals) = postSolution
		SolutionGuid = {162997E3-786E-48F2-92F5-1E6477C61D8D}
	EndGlobalSection
EndGlobal
